// !$*UTF8*$!
{
	archiveVersion = 1;
	classes = {
	};
	objectVersion = 50;
	objects = {

/* Begin PBXBuildFile section */
		1A6A1E3B258C462400FE4223 /* Environment.swift in Sources */ = {isa = PBXBuildFile; fileRef = 1A6A1E3A258C462400FE4223 /* Environment.swift */; };
		1A7AEA5525B3F36C008BF381 /* orgIL72.json in Resources */ = {isa = PBXBuildFile; fileRef = 1A7AEA5425B3F36C008BF381 /* orgIL72.json */; };
		1A7AEA5E25B40148008BF381 /* Organization.swift in Sources */ = {isa = PBXBuildFile; fileRef = 1A7AEA5D25B40148008BF381 /* Organization.swift */; };
		1AD5D1EE256A1CDC0065CB1B /* AppDelegate.swift in Sources */ = {isa = PBXBuildFile; fileRef = 1AD5D1ED256A1CDC0065CB1B /* AppDelegate.swift */; };
		1AD5D1F0256A1CDC0065CB1B /* SceneDelegate.swift in Sources */ = {isa = PBXBuildFile; fileRef = 1AD5D1EF256A1CDC0065CB1B /* SceneDelegate.swift */; };
		1AD5D1F2256A1CDC0065CB1B /* ViewController.swift in Sources */ = {isa = PBXBuildFile; fileRef = 1AD5D1F1256A1CDC0065CB1B /* ViewController.swift */; };
		1AD5D1F5256A1CDC0065CB1B /* Main.storyboard in Resources */ = {isa = PBXBuildFile; fileRef = 1AD5D1F3256A1CDC0065CB1B /* Main.storyboard */; };
		1AD5D1F7256A1CDF0065CB1B /* Assets.xcassets in Resources */ = {isa = PBXBuildFile; fileRef = 1AD5D1F6256A1CDF0065CB1B /* Assets.xcassets */; };
		1AD5D207256A24D00065CB1B /* SearchViewController.swift in Sources */ = {isa = PBXBuildFile; fileRef = 1AD5D206256A24D00065CB1B /* SearchViewController.swift */; };
		1AD5D21D25759C850065CB1B /* Validation.swift in Sources */ = {isa = PBXBuildFile; fileRef = 1AD5D21C25759C850065CB1B /* Validation.swift */; };
		1AD5D2202575B6730065CB1B /* pets_60614.json in Resources */ = {isa = PBXBuildFile; fileRef = 1AD5D21F2575B6730065CB1B /* pets_60614.json */; };
		1AD5D2232575BEDC0065CB1B /* sample.json in Resources */ = {isa = PBXBuildFile; fileRef = 1AD5D2222575BEDC0065CB1B /* sample.json */; };
		1AD5D22B257DD7980065CB1B /* PlayfairDisplay-Italic-VariableFont_wght.ttf in Resources */ = {isa = PBXBuildFile; fileRef = 1AD5D229257DD7970065CB1B /* PlayfairDisplay-Italic-VariableFont_wght.ttf */; };
		1AD5D22C257DD7980065CB1B /* PlayfairDisplay-VariableFont_wght.ttf in Resources */ = {isa = PBXBuildFile; fileRef = 1AD5D22A257DD7970065CB1B /* PlayfairDisplay-VariableFont_wght.ttf */; };
		1AD5D23925847B480065CB1B /* PetViewController.swift in Sources */ = {isa = PBXBuildFile; fileRef = 1AD5D23825847B480065CB1B /* PetViewController.swift */; };
		1AD5D23E25848FAA0065CB1B /* Animal.swift in Sources */ = {isa = PBXBuildFile; fileRef = 1AD5D23D25848FA90065CB1B /* Animal.swift */; };
		1AD5D24125848FE10065CB1B /* Breeds.swift in Sources */ = {isa = PBXBuildFile; fileRef = 1AD5D24025848FE10065CB1B /* Breeds.swift */; };
		1AD5D244258490050065CB1B /* PrimaryPhotoCropped.swift in Sources */ = {isa = PBXBuildFile; fileRef = 1AD5D243258490050065CB1B /* PrimaryPhotoCropped.swift */; };
		1AD5D2482585AABB0065CB1B /* Colors.swift in Sources */ = {isa = PBXBuildFile; fileRef = 1AD5D2472585AABB0065CB1B /* Colors.swift */; };
		1AFF1A8325AFC88B00024EB2 /* Contact.swift in Sources */ = {isa = PBXBuildFile; fileRef = 1AFF1A8225AFC88B00024EB2 /* Contact.swift */; };
		1AFF1A8625AFC96C00024EB2 /* Address.swift in Sources */ = {isa = PBXBuildFile; fileRef = 1AFF1A8525AFC96C00024EB2 /* Address.swift */; };
/* End PBXBuildFile section */

/* Begin PBXFileReference section */
		1A6A1E3A258C462400FE4223 /* Environment.swift */ = {isa = PBXFileReference; lastKnownFileType = sourcecode.swift; path = Environment.swift; sourceTree = "<group>"; };
		1A7AEA5425B3F36C008BF381 /* orgIL72.json */ = {isa = PBXFileReference; fileEncoding = 4; lastKnownFileType = text.json; path = orgIL72.json; sourceTree = "<group>"; };
		1A7AEA5D25B40148008BF381 /* Organization.swift */ = {isa = PBXFileReference; lastKnownFileType = sourcecode.swift; path = Organization.swift; sourceTree = "<group>"; };
		1AD5D1EA256A1CDC0065CB1B /* FindAPet.app */ = {isa = PBXFileReference; explicitFileType = wrapper.application; includeInIndex = 0; path = FindAPet.app; sourceTree = BUILT_PRODUCTS_DIR; };
		1AD5D1ED256A1CDC0065CB1B /* AppDelegate.swift */ = {isa = PBXFileReference; lastKnownFileType = sourcecode.swift; path = AppDelegate.swift; sourceTree = "<group>"; };
		1AD5D1EF256A1CDC0065CB1B /* SceneDelegate.swift */ = {isa = PBXFileReference; lastKnownFileType = sourcecode.swift; path = SceneDelegate.swift; sourceTree = "<group>"; };
		1AD5D1F1256A1CDC0065CB1B /* ViewController.swift */ = {isa = PBXFileReference; lastKnownFileType = sourcecode.swift; path = ViewController.swift; sourceTree = "<group>"; };
		1AD5D1F4256A1CDC0065CB1B /* Base */ = {isa = PBXFileReference; lastKnownFileType = file.storyboard; name = Base; path = Base.lproj/Main.storyboard; sourceTree = "<group>"; };
		1AD5D1F6256A1CDF0065CB1B /* Assets.xcassets */ = {isa = PBXFileReference; lastKnownFileType = folder.assetcatalog; path = Assets.xcassets; sourceTree = "<group>"; };
		1AD5D1FB256A1CDF0065CB1B /* Info.plist */ = {isa = PBXFileReference; lastKnownFileType = text.plist.xml; path = Info.plist; sourceTree = "<group>"; };
		1AD5D206256A24D00065CB1B /* SearchViewController.swift */ = {isa = PBXFileReference; lastKnownFileType = sourcecode.swift; path = SearchViewController.swift; sourceTree = "<group>"; };
		1AD5D21C25759C850065CB1B /* Validation.swift */ = {isa = PBXFileReference; lastKnownFileType = sourcecode.swift; path = Validation.swift; sourceTree = "<group>"; };
		1AD5D21F2575B6730065CB1B /* pets_60614.json */ = {isa = PBXFileReference; lastKnownFileType = text.json; path = pets_60614.json; sourceTree = "<group>"; };
		1AD5D2222575BEDC0065CB1B /* sample.json */ = {isa = PBXFileReference; lastKnownFileType = text.json; path = sample.json; sourceTree = "<group>"; };
		1AD5D229257DD7970065CB1B /* PlayfairDisplay-Italic-VariableFont_wght.ttf */ = {isa = PBXFileReference; lastKnownFileType = file; name = "PlayfairDisplay-Italic-VariableFont_wght.ttf"; path = "../../../../../Downloads/Playfair_Display/PlayfairDisplay-Italic-VariableFont_wght.ttf"; sourceTree = "<group>"; };
		1AD5D22A257DD7970065CB1B /* PlayfairDisplay-VariableFont_wght.ttf */ = {isa = PBXFileReference; lastKnownFileType = file; name = "PlayfairDisplay-VariableFont_wght.ttf"; path = "../../../../../Downloads/Playfair_Display/PlayfairDisplay-VariableFont_wght.ttf"; sourceTree = "<group>"; };
		1AD5D23825847B480065CB1B /* PetViewController.swift */ = {isa = PBXFileReference; lastKnownFileType = sourcecode.swift; path = PetViewController.swift; sourceTree = "<group>"; };
		1AD5D23D25848FA90065CB1B /* Animal.swift */ = {isa = PBXFileReference; lastKnownFileType = sourcecode.swift; path = Animal.swift; sourceTree = "<group>"; };
		1AD5D24025848FE10065CB1B /* Breeds.swift */ = {isa = PBXFileReference; lastKnownFileType = sourcecode.swift; path = Breeds.swift; sourceTree = "<group>"; };
		1AD5D243258490050065CB1B /* PrimaryPhotoCropped.swift */ = {isa = PBXFileReference; lastKnownFileType = sourcecode.swift; path = PrimaryPhotoCropped.swift; sourceTree = "<group>"; };
		1AD5D2472585AABB0065CB1B /* Colors.swift */ = {isa = PBXFileReference; lastKnownFileType = sourcecode.swift; path = Colors.swift; sourceTree = "<group>"; };
		1AFF1A8225AFC88B00024EB2 /* Contact.swift */ = {isa = PBXFileReference; lastKnownFileType = sourcecode.swift; path = Contact.swift; sourceTree = "<group>"; };
		1AFF1A8525AFC96C00024EB2 /* Address.swift */ = {isa = PBXFileReference; lastKnownFileType = sourcecode.swift; path = Address.swift; sourceTree = "<group>"; };
/* End PBXFileReference section */

/* Begin PBXFrameworksBuildPhase section */
		1AD5D1E7256A1CDC0065CB1B /* Frameworks */ = {
			isa = PBXFrameworksBuildPhase;
			buildActionMask = 2147483647;
			files = (
			);
			runOnlyForDeploymentPostprocessing = 0;
		};
/* End PBXFrameworksBuildPhase section */

/* Begin PBXGroup section */
		1AD5D1E1256A1CDC0065CB1B = {
			isa = PBXGroup;
			children = (
				1AD5D1EC256A1CDC0065CB1B /* FindAPet */,
				1AD5D1EB256A1CDC0065CB1B /* Products */,
			);
			sourceTree = "<group>";
		};
		1AD5D1EB256A1CDC0065CB1B /* Products */ = {
			isa = PBXGroup;
			children = (
				1AD5D1EA256A1CDC0065CB1B /* FindAPet.app */,
			);
			name = Products;
			sourceTree = "<group>";
		};
		1AD5D1EC256A1CDC0065CB1B /* FindAPet */ = {
			isa = PBXGroup;
			children = (
				1AFF1A8D25B3E03B00024EB2 /* Storyboard */,
				1AFF1A8C25B3DFFD00024EB2 /* Structs */,
				1AFF1A8925B3DFB400024EB2 /* View Controllers */,
				1AD5D21F2575B6730065CB1B /* pets_60614.json */,
				1A7AEA5425B3F36C008BF381 /* orgIL72.json */,
				1AD5D2222575BEDC0065CB1B /* sample.json */,
				1AD5D21C25759C850065CB1B /* Validation.swift */,
				1AD5D1EF256A1CDC0065CB1B /* SceneDelegate.swift */,
				1AD5D1ED256A1CDC0065CB1B /* AppDelegate.swift */,
				1AD5D1F6256A1CDF0065CB1B /* Assets.xcassets */,
				1AD5D1FB256A1CDF0065CB1B /* Info.plist */,
				1AD5D227257DD6F50065CB1B /* fonts */,
			);
			path = FindAPet;
			sourceTree = "<group>";
		};
		1AD5D227257DD6F50065CB1B /* fonts */ = {
			isa = PBXGroup;
			children = (
				1AD5D229257DD7970065CB1B /* PlayfairDisplay-Italic-VariableFont_wght.ttf */,
				1AD5D22A257DD7970065CB1B /* PlayfairDisplay-VariableFont_wght.ttf */,
			);
			path = fonts;
			sourceTree = "<group>";
		};
		1AFF1A8925B3DFB400024EB2 /* View Controllers */ = {
			isa = PBXGroup;
			children = (
				1AD5D1F1256A1CDC0065CB1B /* ViewController.swift */,
				1AD5D206256A24D00065CB1B /* SearchViewController.swift */,
				1AD5D23825847B480065CB1B /* PetViewController.swift */,
			);
			path = "View Controllers";
			sourceTree = "<group>";
		};
		1AFF1A8C25B3DFFD00024EB2 /* Structs */ = {
			isa = PBXGroup;
			children = (
				1AD5D23D25848FA90065CB1B /* Animal.swift */,
				1AFF1A8225AFC88B00024EB2 /* Contact.swift */,
				1AFF1A8525AFC96C00024EB2 /* Address.swift */,
				1A6A1E3A258C462400FE4223 /* Environment.swift */,
				1AD5D24025848FE10065CB1B /* Breeds.swift */,
				1AD5D243258490050065CB1B /* PrimaryPhotoCropped.swift */,
				1AD5D2472585AABB0065CB1B /* Colors.swift */,
				1A7AEA5D25B40148008BF381 /* Organization.swift */,
			);
			path = Structs;
			sourceTree = "<group>";
		};
		1AFF1A8D25B3E03B00024EB2 /* Storyboard */ = {
			isa = PBXGroup;
			children = (
				1AD5D1F3256A1CDC0065CB1B /* Main.storyboard */,
			);
			path = Storyboard;
			sourceTree = "<group>";
		};
/* End PBXGroup section */

/* Begin PBXNativeTarget section */
		1AD5D1E9256A1CDC0065CB1B /* FindAPet */ = {
			isa = PBXNativeTarget;
			buildConfigurationList = 1AD5D1FE256A1CDF0065CB1B /* Build configuration list for PBXNativeTarget "FindAPet" */;
			buildPhases = (
				1AD5D1E6256A1CDC0065CB1B /* Sources */,
				1AD5D1E7256A1CDC0065CB1B /* Frameworks */,
				1AD5D1E8256A1CDC0065CB1B /* Resources */,
			);
			buildRules = (
			);
			dependencies = (
			);
			name = FindAPet;
			productName = FindAPet;
			productReference = 1AD5D1EA256A1CDC0065CB1B /* FindAPet.app */;
			productType = "com.apple.product-type.application";
		};
/* End PBXNativeTarget section */

/* Begin PBXProject section */
		1AD5D1E2256A1CDC0065CB1B /* Project object */ = {
			isa = PBXProject;
			attributes = {
				LastSwiftUpdateCheck = 1220;
				LastUpgradeCheck = 1220;
				TargetAttributes = {
					1AD5D1E9256A1CDC0065CB1B = {
						CreatedOnToolsVersion = 12.2;
					};
				};
			};
			buildConfigurationList = 1AD5D1E5256A1CDC0065CB1B /* Build configuration list for PBXProject "FindAPet" */;
			compatibilityVersion = "Xcode 9.3";
			developmentRegion = en;
			hasScannedForEncodings = 0;
			knownRegions = (
				en,
				Base,
			);
			mainGroup = 1AD5D1E1256A1CDC0065CB1B;
			productRefGroup = 1AD5D1EB256A1CDC0065CB1B /* Products */;
			projectDirPath = "";
			projectRoot = "";
			targets = (
				1AD5D1E9256A1CDC0065CB1B /* FindAPet */,
			);
		};
/* End PBXProject section */

/* Begin PBXResourcesBuildPhase section */
		1AD5D1E8256A1CDC0065CB1B /* Resources */ = {
			isa = PBXResourcesBuildPhase;
			buildActionMask = 2147483647;
			files = (
				1AD5D22C257DD7980065CB1B /* PlayfairDisplay-VariableFont_wght.ttf in Resources */,
				1AD5D22B257DD7980065CB1B /* PlayfairDisplay-Italic-VariableFont_wght.ttf in Resources */,
				1A7AEA5525B3F36C008BF381 /* orgIL72.json in Resources */,
				1AD5D2232575BEDC0065CB1B /* sample.json in Resources */,
				1AD5D1F7256A1CDF0065CB1B /* Assets.xcassets in Resources */,
				1AD5D1F5256A1CDC0065CB1B /* Main.storyboard in Resources */,
				1AD5D2202575B6730065CB1B /* pets_60614.json in Resources */,
			);
			runOnlyForDeploymentPostprocessing = 0;
		};
/* End PBXResourcesBuildPhase section */

/* Begin PBXSourcesBuildPhase section */
		1AD5D1E6256A1CDC0065CB1B /* Sources */ = {
			isa = PBXSourcesBuildPhase;
			buildActionMask = 2147483647;
			files = (
				1AFF1A8325AFC88B00024EB2 /* Contact.swift in Sources */,
				1AD5D1F2256A1CDC0065CB1B /* ViewController.swift in Sources */,
				1AFF1A8625AFC96C00024EB2 /* Address.swift in Sources */,
				1AD5D2482585AABB0065CB1B /* Colors.swift in Sources */,
				1A7AEA5E25B40148008BF381 /* Organization.swift in Sources */,
				1AD5D1EE256A1CDC0065CB1B /* AppDelegate.swift in Sources */,
				1AD5D207256A24D00065CB1B /* SearchViewController.swift in Sources */,
				1AD5D21D25759C850065CB1B /* Validation.swift in Sources */,
				1AD5D24125848FE10065CB1B /* Breeds.swift in Sources */,
				1AD5D23E25848FAA0065CB1B /* Animal.swift in Sources */,
				1A6A1E3B258C462400FE4223 /* Environment.swift in Sources */,
				1AD5D244258490050065CB1B /* PrimaryPhotoCropped.swift in Sources */,
				1AD5D23925847B480065CB1B /* PetViewController.swift in Sources */,
				1AD5D1F0256A1CDC0065CB1B /* SceneDelegate.swift in Sources */,
			);
			runOnlyForDeploymentPostprocessing = 0;
		};
/* End PBXSourcesBuildPhase section */

/* Begin PBXVariantGroup section */
		1AD5D1F3256A1CDC0065CB1B /* Main.storyboard */ = {
			isa = PBXVariantGroup;
			children = (
				1AD5D1F4256A1CDC0065CB1B /* Base */,
			);
			name = Main.storyboard;
			sourceTree = "<group>";
		};
/* End PBXVariantGroup section */

/* Begin XCBuildConfiguration section */
		1AD5D1FC256A1CDF0065CB1B /* Debug */ = {
			isa = XCBuildConfiguration;
			buildSettings = {
				ALWAYS_SEARCH_USER_PATHS = NO;
				CLANG_ANALYZER_NONNULL = YES;
				CLANG_ANALYZER_NUMBER_OBJECT_CONVERSION = YES_AGGRESSIVE;
				CLANG_CXX_LANGUAGE_STANDARD = "gnu++14";
				CLANG_CXX_LIBRARY = "libc++";
				CLANG_ENABLE_MODULES = YES;
				CLANG_ENABLE_OBJC_ARC = YES;
				CLANG_ENABLE_OBJC_WEAK = YES;
				CLANG_WARN_BLOCK_CAPTURE_AUTORELEASING = YES;
				CLANG_WARN_BOOL_CONVERSION = YES;
				CLANG_WARN_COMMA = YES;
				CLANG_WARN_CONSTANT_CONVERSION = YES;
				CLANG_WARN_DEPRECATED_OBJC_IMPLEMENTATIONS = YES;
				CLANG_WARN_DIRECT_OBJC_ISA_USAGE = YES_ERROR;
				CLANG_WARN_DOCUMENTATION_COMMENTS = YES;
				CLANG_WARN_EMPTY_BODY = YES;
				CLANG_WARN_ENUM_CONVERSION = YES;
				CLANG_WARN_INFINITE_RECURSION = YES;
				CLANG_WARN_INT_CONVERSION = YES;
				CLANG_WARN_NON_LITERAL_NULL_CONVERSION = YES;
				CLANG_WARN_OBJC_IMPLICIT_RETAIN_SELF = YES;
				CLANG_WARN_OBJC_LITERAL_CONVERSION = YES;
				CLANG_WARN_OBJC_ROOT_CLASS = YES_ERROR;
				CLANG_WARN_QUOTED_INCLUDE_IN_FRAMEWORK_HEADER = YES;
				CLANG_WARN_RANGE_LOOP_ANALYSIS = YES;
				CLANG_WARN_STRICT_PROTOTYPES = YES;
				CLANG_WARN_SUSPICIOUS_MOVE = YES;
				CLANG_WARN_UNGUARDED_AVAILABILITY = YES_AGGRESSIVE;
				CLANG_WARN_UNREACHABLE_CODE = YES;
				CLANG_WARN__DUPLICATE_METHOD_MATCH = YES;
				COPY_PHASE_STRIP = NO;
				DEBUG_INFORMATION_FORMAT = dwarf;
				ENABLE_STRICT_OBJC_MSGSEND = YES;
				ENABLE_TESTABILITY = YES;
				GCC_C_LANGUAGE_STANDARD = gnu11;
				GCC_DYNAMIC_NO_PIC = NO;
				GCC_NO_COMMON_BLOCKS = YES;
				GCC_OPTIMIZATION_LEVEL = 0;
				GCC_PREPROCESSOR_DEFINITIONS = (
					"DEBUG=1",
					"$(inherited)",
				);
				GCC_WARN_64_TO_32_BIT_CONVERSION = YES;
				GCC_WARN_ABOUT_RETURN_TYPE = YES_ERROR;
				GCC_WARN_UNDECLARED_SELECTOR = YES;
				GCC_WARN_UNINITIALIZED_AUTOS = YES_AGGRESSIVE;
				GCC_WARN_UNUSED_FUNCTION = YES;
				GCC_WARN_UNUSED_VARIABLE = YES;
				IPHONEOS_DEPLOYMENT_TARGET = 14.2;
				MTL_ENABLE_DEBUG_INFO = INCLUDE_SOURCE;
				MTL_FAST_MATH = YES;
				ONLY_ACTIVE_ARCH = YES;
				SDKROOT = iphoneos;
				SWIFT_ACTIVE_COMPILATION_CONDITIONS = DEBUG;
				SWIFT_OPTIMIZATION_LEVEL = "-Onone";
			};
			name = Debug;
		};
		1AD5D1FD256A1CDF0065CB1B /* Release */ = {
			isa = XCBuildConfiguration;
			buildSettings = {
				ALWAYS_SEARCH_USER_PATHS = NO;
				CLANG_ANALYZER_NONNULL = YES;
				CLANG_ANALYZER_NUMBER_OBJECT_CONVERSION = YES_AGGRESSIVE;
				CLANG_CXX_LANGUAGE_STANDARD = "gnu++14";
				CLANG_CXX_LIBRARY = "libc++";
				CLANG_ENABLE_MODULES = YES;
				CLANG_ENABLE_OBJC_ARC = YES;
				CLANG_ENABLE_OBJC_WEAK = YES;
				CLANG_WARN_BLOCK_CAPTURE_AUTORELEASING = YES;
				CLANG_WARN_BOOL_CONVERSION = YES;
				CLANG_WARN_COMMA = YES;
				CLANG_WARN_CONSTANT_CONVERSION = YES;
				CLANG_WARN_DEPRECATED_OBJC_IMPLEMENTATIONS = YES;
				CLANG_WARN_DIRECT_OBJC_ISA_USAGE = YES_ERROR;
				CLANG_WARN_DOCUMENTATION_COMMENTS = YES;
				CLANG_WARN_EMPTY_BODY = YES;
				CLANG_WARN_ENUM_CONVERSION = YES;
				CLANG_WARN_INFINITE_RECURSION = YES;
				CLANG_WARN_INT_CONVERSION = YES;
				CLANG_WARN_NON_LITERAL_NULL_CONVERSION = YES;
				CLANG_WARN_OBJC_IMPLICIT_RETAIN_SELF = YES;
				CLANG_WARN_OBJC_LITERAL_CONVERSION = YES;
				CLANG_WARN_OBJC_ROOT_CLASS = YES_ERROR;
				CLANG_WARN_QUOTED_INCLUDE_IN_FRAMEWORK_HEADER = YES;
				CLANG_WARN_RANGE_LOOP_ANALYSIS = YES;
				CLANG_WARN_STRICT_PROTOTYPES = YES;
				CLANG_WARN_SUSPICIOUS_MOVE = YES;
				CLANG_WARN_UNGUARDED_AVAILABILITY = YES_AGGRESSIVE;
				CLANG_WARN_UNREACHABLE_CODE = YES;
				CLANG_WARN__DUPLICATE_METHOD_MATCH = YES;
				COPY_PHASE_STRIP = NO;
				DEBUG_INFORMATION_FORMAT = "dwarf-with-dsym";
				ENABLE_NS_ASSERTIONS = NO;
				ENABLE_STRICT_OBJC_MSGSEND = YES;
				GCC_C_LANGUAGE_STANDARD = gnu11;
				GCC_NO_COMMON_BLOCKS = YES;
				GCC_WARN_64_TO_32_BIT_CONVERSION = YES;
				GCC_WARN_ABOUT_RETURN_TYPE = YES_ERROR;
				GCC_WARN_UNDECLARED_SELECTOR = YES;
				GCC_WARN_UNINITIALIZED_AUTOS = YES_AGGRESSIVE;
				GCC_WARN_UNUSED_FUNCTION = YES;
				GCC_WARN_UNUSED_VARIABLE = YES;
				IPHONEOS_DEPLOYMENT_TARGET = 14.2;
				MTL_ENABLE_DEBUG_INFO = NO;
				MTL_FAST_MATH = YES;
				SDKROOT = iphoneos;
				SWIFT_COMPILATION_MODE = wholemodule;
				SWIFT_OPTIMIZATION_LEVEL = "-O";
				VALIDATE_PRODUCT = YES;
			};
			name = Release;
		};
		1AD5D1FF256A1CDF0065CB1B /* Debug */ = {
			isa = XCBuildConfiguration;
			buildSettings = {
				ASSETCATALOG_COMPILER_APPICON_NAME = AppIcon;
				ASSETCATALOG_COMPILER_GLOBAL_ACCENT_COLOR_NAME = AccentColor;
				CODE_SIGN_STYLE = Automatic;
				DEVELOPMENT_TEAM = 2VHTSX8YK3;
				INFOPLIST_FILE = FindAPet/Info.plist;
				LD_RUNPATH_SEARCH_PATHS = (
					"$(inherited)",
					"@executable_path/Frameworks",
				);
				PRODUCT_BUNDLE_IDENTIFIER = com.leahdoskoez.FindAPet;
				PRODUCT_NAME = "$(TARGET_NAME)";
				SWIFT_VERSION = 5.0;
				TARGETED_DEVICE_FAMILY = "1,2";
			};
			name = Debug;
		};
		1AD5D200256A1CDF0065CB1B /* Release */ = {
			isa = XCBuildConfiguration;
			buildSettings = {
				ASSETCATALOG_COMPILER_APPICON_NAME = AppIcon;
				ASSETCATALOG_COMPILER_GLOBAL_ACCENT_COLOR_NAME = AccentColor;
				CODE_SIGN_STYLE = Automatic;
				DEVELOPMENT_TEAM = 2VHTSX8YK3;
				INFOPLIST_FILE = FindAPet/Info.plist;
				LD_RUNPATH_SEARCH_PATHS = (
					"$(inherited)",
					"@executable_path/Frameworks",
				);
				PRODUCT_BUNDLE_IDENTIFIER = com.leahdoskoez.FindAPet;
				PRODUCT_NAME = "$(TARGET_NAME)";
				SWIFT_VERSION = 5.0;
				TARGETED_DEVICE_FAMILY = "1,2";
			};
			name = Release;
		};
/* End XCBuildConfiguration section */

/* Begin XCConfigurationList section */
		1AD5D1E5256A1CDC0065CB1B /* Build configuration list for PBXProject "FindAPet" */ = {
			isa = XCConfigurationList;
			buildConfigurations = (
				1AD5D1FC256A1CDF0065CB1B /* Debug */,
				1AD5D1FD256A1CDF0065CB1B /* Release */,
			);
			defaultConfigurationIsVisible = 0;
			defaultConfigurationName = Release;
		};
		1AD5D1FE256A1CDF0065CB1B /* Build configuration list for PBXNativeTarget "FindAPet" */ = {
			isa = XCConfigurationList;
			buildConfigurations = (
				1AD5D1FF256A1CDF0065CB1B /* Debug */,
				1AD5D200256A1CDF0065CB1B /* Release */,
			);
			defaultConfigurationIsVisible = 0;
			defaultConfigurationName = Release;
		};
/* End XCConfigurationList section */
	};
	rootObject = 1AD5D1E2256A1CDC0065CB1B /* Project object */;
}
